// !$*UTF8*$!
{
	archiveVersion = 1;
	classes = {
	};
	objectVersion = 51;
	objects = {

/* Begin PBXBuildFile section */
		725CC40FA887941465110551 /* Pods_RedditTests.framework in Frameworks */ = {isa = PBXBuildFile; fileRef = A5F73964E388948FE25D26D0 /* Pods_RedditTests.framework */; };
		7E181EED2636823400B50B86 /* AppDelegate.swift in Sources */ = {isa = PBXBuildFile; fileRef = 7E181EEC2636823400B50B86 /* AppDelegate.swift */; };
		7E181EEF2636823400B50B86 /* SceneDelegate.swift in Sources */ = {isa = PBXBuildFile; fileRef = 7E181EEE2636823400B50B86 /* SceneDelegate.swift */; };
		7E181EF62636823500B50B86 /* Assets.xcassets in Resources */ = {isa = PBXBuildFile; fileRef = 7E181EF52636823500B50B86 /* Assets.xcassets */; };
		7E181EF92636823500B50B86 /* LaunchScreen.storyboard in Resources */ = {isa = PBXBuildFile; fileRef = 7E181EF72636823500B50B86 /* LaunchScreen.storyboard */; };
		7E181F0F2636823500B50B86 /* RedditUITests.swift in Sources */ = {isa = PBXBuildFile; fileRef = 7E181F0E2636823500B50B86 /* RedditUITests.swift */; };
		7E181F38263692C700B50B86 /* RedditItemsVC.swift in Sources */ = {isa = PBXBuildFile; fileRef = 7E181F37263692C700B50B86 /* RedditItemsVC.swift */; };
		7E181F3D263692DA00B50B86 /* RedditItemsViewModel.swift in Sources */ = {isa = PBXBuildFile; fileRef = 7E181F3C263692DA00B50B86 /* RedditItemsViewModel.swift */; };
		7E181F42263692F100B50B86 /* RedditItemsView.swift in Sources */ = {isa = PBXBuildFile; fileRef = 7E181F41263692F100B50B86 /* RedditItemsView.swift */; };
		7E181F4B2636950300B50B86 /* RedditModel.swift in Sources */ = {isa = PBXBuildFile; fileRef = 7E181F4A2636950300B50B86 /* RedditModel.swift */; };
		7E181F5A263695EB00B50B86 /* UIViewExtensions.swift in Sources */ = {isa = PBXBuildFile; fileRef = 7E181F59263695EB00B50B86 /* UIViewExtensions.swift */; };
		7E181F672636A52200B50B86 /* ItemsTableViewCell.swift in Sources */ = {isa = PBXBuildFile; fileRef = 7E181F662636A52200B50B86 /* ItemsTableViewCell.swift */; };
		7E181F6D2636A7B900B50B86 /* APIHelper.swift in Sources */ = {isa = PBXBuildFile; fileRef = 7E181F6C2636A7B900B50B86 /* APIHelper.swift */; };
		7E181F752636A7C500B50B86 /* APIHelperMock.swift in Sources */ = {isa = PBXBuildFile; fileRef = 7E181F742636A7C500B50B86 /* APIHelperMock.swift */; };
		7E181F7A2636A98400B50B86 /* EndPoint.swift in Sources */ = {isa = PBXBuildFile; fileRef = 7E181F792636A98400B50B86 /* EndPoint.swift */; };
		7E512F0B2636C8CA00718895 /* RedditItems.json in Resources */ = {isa = PBXBuildFile; fileRef = 7E512F0A2636C8CA00718895 /* RedditItems.json */; };
		7E512F132636DC5000718895 /* Utils.swift in Sources */ = {isa = PBXBuildFile; fileRef = 7E512F122636DC5000718895 /* Utils.swift */; };
		7E512F202636FCC600718895 /* CustomButtom.swift in Sources */ = {isa = PBXBuildFile; fileRef = 7E512F1F2636FCC600718895 /* CustomButtom.swift */; };
		7E6086082637B95D0002EC63 /* RedditViewModelTests.swift in Sources */ = {isa = PBXBuildFile; fileRef = 7E6086072637B95D0002EC63 /* RedditViewModelTests.swift */; };
		7E60860D2637BDB20002EC63 /* RedditVCTests.swift in Sources */ = {isa = PBXBuildFile; fileRef = 7E60860C2637BDB20002EC63 /* RedditVCTests.swift */; };
		BF0DB2A615377EC0C8734244 /* Pods_Reddit_RedditUITests.framework in Frameworks */ = {isa = PBXBuildFile; fileRef = 25D25BCD581496B295AB3562 /* Pods_Reddit_RedditUITests.framework */; };
		CCB8CFD13C97802612072A06 /* Pods_Reddit.framework in Frameworks */ = {isa = PBXBuildFile; fileRef = FD611306DCE4C641B7764D4C /* Pods_Reddit.framework */; };
/* End PBXBuildFile section */

/* Begin PBXContainerItemProxy section */
		7E181F002636823500B50B86 /* PBXContainerItemProxy */ = {
			isa = PBXContainerItemProxy;
			containerPortal = 7E181EE12636823400B50B86 /* Project object */;
			proxyType = 1;
			remoteGlobalIDString = 7E181EE82636823400B50B86;
			remoteInfo = Reddit;
		};
		7E181F0B2636823500B50B86 /* PBXContainerItemProxy */ = {
			isa = PBXContainerItemProxy;
			containerPortal = 7E181EE12636823400B50B86 /* Project object */;
			proxyType = 1;
			remoteGlobalIDString = 7E181EE82636823400B50B86;
			remoteInfo = Reddit;
		};
/* End PBXContainerItemProxy section */

/* Begin PBXFileReference section */
		25D25BCD581496B295AB3562 /* Pods_Reddit_RedditUITests.framework */ = {isa = PBXFileReference; explicitFileType = wrapper.framework; includeInIndex = 0; path = Pods_Reddit_RedditUITests.framework; sourceTree = BUILT_PRODUCTS_DIR; };
		2E6F1BFBED8AA574E050042A /* Pods-Reddit-RedditUITests.release.xcconfig */ = {isa = PBXFileReference; includeInIndex = 1; lastKnownFileType = text.xcconfig; name = "Pods-Reddit-RedditUITests.release.xcconfig"; path = "Target Support Files/Pods-Reddit-RedditUITests/Pods-Reddit-RedditUITests.release.xcconfig"; sourceTree = "<group>"; };
		4DB044D1606995DF93944180 /* Pods-RedditTests.release.xcconfig */ = {isa = PBXFileReference; includeInIndex = 1; lastKnownFileType = text.xcconfig; name = "Pods-RedditTests.release.xcconfig"; path = "Target Support Files/Pods-RedditTests/Pods-RedditTests.release.xcconfig"; sourceTree = "<group>"; };
		7E181EE92636823400B50B86 /* Reddit.app */ = {isa = PBXFileReference; explicitFileType = wrapper.application; includeInIndex = 0; path = Reddit.app; sourceTree = BUILT_PRODUCTS_DIR; };
		7E181EEC2636823400B50B86 /* AppDelegate.swift */ = {isa = PBXFileReference; lastKnownFileType = sourcecode.swift; path = AppDelegate.swift; sourceTree = "<group>"; };
		7E181EEE2636823400B50B86 /* SceneDelegate.swift */ = {isa = PBXFileReference; lastKnownFileType = sourcecode.swift; path = SceneDelegate.swift; sourceTree = "<group>"; };
		7E181EF52636823500B50B86 /* Assets.xcassets */ = {isa = PBXFileReference; lastKnownFileType = folder.assetcatalog; path = Assets.xcassets; sourceTree = "<group>"; };
		7E181EF82636823500B50B86 /* Base */ = {isa = PBXFileReference; lastKnownFileType = file.storyboard; name = Base; path = Base.lproj/LaunchScreen.storyboard; sourceTree = "<group>"; };
		7E181EFA2636823500B50B86 /* Info.plist */ = {isa = PBXFileReference; lastKnownFileType = text.plist.xml; path = Info.plist; sourceTree = "<group>"; };
		7E181EFF2636823500B50B86 /* RedditTests.xctest */ = {isa = PBXFileReference; explicitFileType = wrapper.cfbundle; includeInIndex = 0; path = RedditTests.xctest; sourceTree = BUILT_PRODUCTS_DIR; };
		7E181F052636823500B50B86 /* Info.plist */ = {isa = PBXFileReference; lastKnownFileType = text.plist.xml; path = Info.plist; sourceTree = "<group>"; };
		7E181F0A2636823500B50B86 /* RedditUITests.xctest */ = {isa = PBXFileReference; explicitFileType = wrapper.cfbundle; includeInIndex = 0; path = RedditUITests.xctest; sourceTree = BUILT_PRODUCTS_DIR; };
		7E181F0E2636823500B50B86 /* RedditUITests.swift */ = {isa = PBXFileReference; lastKnownFileType = sourcecode.swift; path = RedditUITests.swift; sourceTree = "<group>"; };
		7E181F102636823500B50B86 /* Info.plist */ = {isa = PBXFileReference; lastKnownFileType = text.plist.xml; path = Info.plist; sourceTree = "<group>"; };
		7E181F37263692C700B50B86 /* RedditItemsVC.swift */ = {isa = PBXFileReference; lastKnownFileType = sourcecode.swift; path = RedditItemsVC.swift; sourceTree = "<group>"; };
		7E181F3C263692DA00B50B86 /* RedditItemsViewModel.swift */ = {isa = PBXFileReference; lastKnownFileType = sourcecode.swift; path = RedditItemsViewModel.swift; sourceTree = "<group>"; };
		7E181F41263692F100B50B86 /* RedditItemsView.swift */ = {isa = PBXFileReference; lastKnownFileType = sourcecode.swift; path = RedditItemsView.swift; sourceTree = "<group>"; };
		7E181F4A2636950300B50B86 /* RedditModel.swift */ = {isa = PBXFileReference; lastKnownFileType = sourcecode.swift; path = RedditModel.swift; sourceTree = "<group>"; };
		7E181F59263695EB00B50B86 /* UIViewExtensions.swift */ = {isa = PBXFileReference; lastKnownFileType = sourcecode.swift; path = UIViewExtensions.swift; sourceTree = "<group>"; };
		7E181F662636A52200B50B86 /* ItemsTableViewCell.swift */ = {isa = PBXFileReference; lastKnownFileType = sourcecode.swift; path = ItemsTableViewCell.swift; sourceTree = "<group>"; };
		7E181F6C2636A7B900B50B86 /* APIHelper.swift */ = {isa = PBXFileReference; lastKnownFileType = sourcecode.swift; path = APIHelper.swift; sourceTree = "<group>"; };
		7E181F742636A7C500B50B86 /* APIHelperMock.swift */ = {isa = PBXFileReference; lastKnownFileType = sourcecode.swift; path = APIHelperMock.swift; sourceTree = "<group>"; };
		7E181F792636A98400B50B86 /* EndPoint.swift */ = {isa = PBXFileReference; lastKnownFileType = sourcecode.swift; path = EndPoint.swift; sourceTree = "<group>"; };
		7E512F0A2636C8CA00718895 /* RedditItems.json */ = {isa = PBXFileReference; fileEncoding = 4; lastKnownFileType = text.json; path = RedditItems.json; sourceTree = "<group>"; };
		7E512F122636DC5000718895 /* Utils.swift */ = {isa = PBXFileReference; lastKnownFileType = sourcecode.swift; path = Utils.swift; sourceTree = "<group>"; };
		7E512F1F2636FCC600718895 /* CustomButtom.swift */ = {isa = PBXFileReference; lastKnownFileType = sourcecode.swift; path = CustomButtom.swift; sourceTree = "<group>"; };
		7E6086072637B95D0002EC63 /* RedditViewModelTests.swift */ = {isa = PBXFileReference; lastKnownFileType = sourcecode.swift; path = RedditViewModelTests.swift; sourceTree = "<group>"; };
		7E60860C2637BDB20002EC63 /* RedditVCTests.swift */ = {isa = PBXFileReference; lastKnownFileType = sourcecode.swift; path = RedditVCTests.swift; sourceTree = "<group>"; };
		A5F73964E388948FE25D26D0 /* Pods_RedditTests.framework */ = {isa = PBXFileReference; explicitFileType = wrapper.framework; includeInIndex = 0; path = Pods_RedditTests.framework; sourceTree = BUILT_PRODUCTS_DIR; };
		CA6C664B16BAFD19F4E26C34 /* Pods-Reddit-RedditUITests.debug.xcconfig */ = {isa = PBXFileReference; includeInIndex = 1; lastKnownFileType = text.xcconfig; name = "Pods-Reddit-RedditUITests.debug.xcconfig"; path = "Target Support Files/Pods-Reddit-RedditUITests/Pods-Reddit-RedditUITests.debug.xcconfig"; sourceTree = "<group>"; };
		CFCBBADA807B32B4D7950DDC /* Pods-Reddit.release.xcconfig */ = {isa = PBXFileReference; includeInIndex = 1; lastKnownFileType = text.xcconfig; name = "Pods-Reddit.release.xcconfig"; path = "Target Support Files/Pods-Reddit/Pods-Reddit.release.xcconfig"; sourceTree = "<group>"; };
		F198D87368F862747933C463 /* Pods-RedditTests.debug.xcconfig */ = {isa = PBXFileReference; includeInIndex = 1; lastKnownFileType = text.xcconfig; name = "Pods-RedditTests.debug.xcconfig"; path = "Target Support Files/Pods-RedditTests/Pods-RedditTests.debug.xcconfig"; sourceTree = "<group>"; };
		F535E9C981400D181EF46A5A /* Pods-Reddit.debug.xcconfig */ = {isa = PBXFileReference; includeInIndex = 1; lastKnownFileType = text.xcconfig; name = "Pods-Reddit.debug.xcconfig"; path = "Target Support Files/Pods-Reddit/Pods-Reddit.debug.xcconfig"; sourceTree = "<group>"; };
		FD611306DCE4C641B7764D4C /* Pods_Reddit.framework */ = {isa = PBXFileReference; explicitFileType = wrapper.framework; includeInIndex = 0; path = Pods_Reddit.framework; sourceTree = BUILT_PRODUCTS_DIR; };
/* End PBXFileReference section */

/* Begin PBXFrameworksBuildPhase section */
		7E181EE62636823400B50B86 /* Frameworks */ = {
			isa = PBXFrameworksBuildPhase;
			buildActionMask = 2147483647;
			files = (
				CCB8CFD13C97802612072A06 /* Pods_Reddit.framework in Frameworks */,
			);
			runOnlyForDeploymentPostprocessing = 0;
		};
		7E181EFC2636823500B50B86 /* Frameworks */ = {
			isa = PBXFrameworksBuildPhase;
			buildActionMask = 2147483647;
			files = (
				725CC40FA887941465110551 /* Pods_RedditTests.framework in Frameworks */,
			);
			runOnlyForDeploymentPostprocessing = 0;
		};
		7E181F072636823500B50B86 /* Frameworks */ = {
			isa = PBXFrameworksBuildPhase;
			buildActionMask = 2147483647;
			files = (
				BF0DB2A615377EC0C8734244 /* Pods_Reddit_RedditUITests.framework in Frameworks */,
			);
			runOnlyForDeploymentPostprocessing = 0;
		};
/* End PBXFrameworksBuildPhase section */

/* Begin PBXGroup section */
		7E181EE02636823400B50B86 = {
			isa = PBXGroup;
			children = (
				7E181EEB2636823400B50B86 /* Reddit */,
				7E181F022636823500B50B86 /* RedditTests */,
				7E181F0D2636823500B50B86 /* RedditUITests */,
				7E181EEA2636823400B50B86 /* Products */,
				866584F0189DB7B9A95112A8 /* Pods */,
				D1642F3C8E6AA1EE3AB21226 /* Frameworks */,
			);
			sourceTree = "<group>";
		};
		7E181EEA2636823400B50B86 /* Products */ = {
			isa = PBXGroup;
			children = (
				7E181EE92636823400B50B86 /* Reddit.app */,
				7E181EFF2636823500B50B86 /* RedditTests.xctest */,
				7E181F0A2636823500B50B86 /* RedditUITests.xctest */,
			);
			name = Products;
			sourceTree = "<group>";
		};
		7E181EEB2636823400B50B86 /* Reddit */ = {
			isa = PBXGroup;
			children = (
				7E181F7F2636ACAB00B50B86 /* JSONFiles */,
				7E181F6B2636A78100B50B86 /* APIHelpers */,
				7E181F4F2636959800B50B86 /* Extensions */,
				7E181F49263693CE00B50B86 /* Models */,
				7E181F2B2636927000B50B86 /* Views */,
				7E181F2A2636926300B50B86 /* ViewModels */,
				7E181F282636923B00B50B86 /* Controllers */,
				7E181EEC2636823400B50B86 /* AppDelegate.swift */,
				7E181EEE2636823400B50B86 /* SceneDelegate.swift */,
				7E181EF52636823500B50B86 /* Assets.xcassets */,
				7E181EF72636823500B50B86 /* LaunchScreen.storyboard */,
				7E181EFA2636823500B50B86 /* Info.plist */,
			);
			path = Reddit;
			sourceTree = "<group>";
		};
		7E181F022636823500B50B86 /* RedditTests */ = {
			isa = PBXGroup;
			children = (
				7E181F052636823500B50B86 /* Info.plist */,
				7E6086072637B95D0002EC63 /* RedditViewModelTests.swift */,
				7E60860C2637BDB20002EC63 /* RedditVCTests.swift */,
			);
			path = RedditTests;
			sourceTree = "<group>";
		};
		7E181F0D2636823500B50B86 /* RedditUITests */ = {
			isa = PBXGroup;
			children = (
				7E181F0E2636823500B50B86 /* RedditUITests.swift */,
				7E181F102636823500B50B86 /* Info.plist */,
			);
			path = RedditUITests;
			sourceTree = "<group>";
		};
		7E181F282636923B00B50B86 /* Controllers */ = {
			isa = PBXGroup;
			children = (
				7E181F37263692C700B50B86 /* RedditItemsVC.swift */,
			);
			path = Controllers;
			sourceTree = "<group>";
		};
		7E181F2A2636926300B50B86 /* ViewModels */ = {
			isa = PBXGroup;
			children = (
				7E181F3C263692DA00B50B86 /* RedditItemsViewModel.swift */,
			);
			path = ViewModels;
			sourceTree = "<group>";
		};
		7E181F2B2636927000B50B86 /* Views */ = {
			isa = PBXGroup;
			children = (
				7E181F41263692F100B50B86 /* RedditItemsView.swift */,
				7E181F662636A52200B50B86 /* ItemsTableViewCell.swift */,
				7E512F1F2636FCC600718895 /* CustomButtom.swift */,
			);
			path = Views;
			sourceTree = "<group>";
		};
		7E181F49263693CE00B50B86 /* Models */ = {
			isa = PBXGroup;
			children = (
				7E181F4A2636950300B50B86 /* RedditModel.swift */,
			);
			path = Models;
			sourceTree = "<group>";
		};
		7E181F4F2636959800B50B86 /* Extensions */ = {
			isa = PBXGroup;
			children = (
				7E181F59263695EB00B50B86 /* UIViewExtensions.swift */,
				7E512F122636DC5000718895 /* Utils.swift */,
			);
			path = Extensions;
			sourceTree = "<group>";
		};
		7E181F6B2636A78100B50B86 /* APIHelpers */ = {
			isa = PBXGroup;
			children = (
				7E181F6C2636A7B900B50B86 /* APIHelper.swift */,
				7E181F742636A7C500B50B86 /* APIHelperMock.swift */,
				7E181F792636A98400B50B86 /* EndPoint.swift */,
			);
			path = APIHelpers;
			sourceTree = "<group>";
		};
		7E181F7F2636ACAB00B50B86 /* JSONFiles */ = {
			isa = PBXGroup;
			children = (
				7E512F0A2636C8CA00718895 /* RedditItems.json */,
			);
			path = JSONFiles;
			sourceTree = "<group>";
		};
		866584F0189DB7B9A95112A8 /* Pods */ = {
			isa = PBXGroup;
			children = (
				F535E9C981400D181EF46A5A /* Pods-Reddit.debug.xcconfig */,
				CFCBBADA807B32B4D7950DDC /* Pods-Reddit.release.xcconfig */,
				CA6C664B16BAFD19F4E26C34 /* Pods-Reddit-RedditUITests.debug.xcconfig */,
				2E6F1BFBED8AA574E050042A /* Pods-Reddit-RedditUITests.release.xcconfig */,
				F198D87368F862747933C463 /* Pods-RedditTests.debug.xcconfig */,
				4DB044D1606995DF93944180 /* Pods-RedditTests.release.xcconfig */,
			);
			path = Pods;
			sourceTree = "<group>";
		};
		D1642F3C8E6AA1EE3AB21226 /* Frameworks */ = {
			isa = PBXGroup;
			children = (
				FD611306DCE4C641B7764D4C /* Pods_Reddit.framework */,
				25D25BCD581496B295AB3562 /* Pods_Reddit_RedditUITests.framework */,
				A5F73964E388948FE25D26D0 /* Pods_RedditTests.framework */,
			);
			name = Frameworks;
			sourceTree = "<group>";
		};
/* End PBXGroup section */

/* Begin PBXNativeTarget section */
		7E181EE82636823400B50B86 /* Reddit */ = {
			isa = PBXNativeTarget;
			buildConfigurationList = 7E181F132636823500B50B86 /* Build configuration list for PBXNativeTarget "Reddit" */;
			buildPhases = (
				344AA16F9204DAFC97CFD4AE /* [CP] Check Pods Manifest.lock */,
				7E181EE52636823400B50B86 /* Sources */,
				7E181EE62636823400B50B86 /* Frameworks */,
				7E181EE72636823400B50B86 /* Resources */,
				102317971B6E7ACF92F44C41 /* [CP] Embed Pods Frameworks */,
			);
			buildRules = (
			);
			dependencies = (
			);
			name = Reddit;
			productName = Reddit;
			productReference = 7E181EE92636823400B50B86 /* Reddit.app */;
			productType = "com.apple.product-type.application";
		};
		7E181EFE2636823500B50B86 /* RedditTests */ = {
			isa = PBXNativeTarget;
			buildConfigurationList = 7E181F162636823500B50B86 /* Build configuration list for PBXNativeTarget "RedditTests" */;
			buildPhases = (
				D4428F0623CDF6102E0149EB /* [CP] Check Pods Manifest.lock */,
				7E181EFB2636823500B50B86 /* Sources */,
				7E181EFC2636823500B50B86 /* Frameworks */,
				7E181EFD2636823500B50B86 /* Resources */,
			);
			buildRules = (
			);
			dependencies = (
				7E181F012636823500B50B86 /* PBXTargetDependency */,
			);
			name = RedditTests;
			productName = RedditTests;
			productReference = 7E181EFF2636823500B50B86 /* RedditTests.xctest */;
			productType = "com.apple.product-type.bundle.unit-test";
		};
		7E181F092636823500B50B86 /* RedditUITests */ = {
			isa = PBXNativeTarget;
			buildConfigurationList = 7E181F192636823500B50B86 /* Build configuration list for PBXNativeTarget "RedditUITests" */;
			buildPhases = (
				6B42E1FE5168EA3934D4C067 /* [CP] Check Pods Manifest.lock */,
				7E181F062636823500B50B86 /* Sources */,
				7E181F072636823500B50B86 /* Frameworks */,
				7E181F082636823500B50B86 /* Resources */,
				2641BBA847CFCCBC8B31324F /* [CP] Embed Pods Frameworks */,
			);
			buildRules = (
			);
			dependencies = (
				7E181F0C2636823500B50B86 /* PBXTargetDependency */,
			);
			name = RedditUITests;
			productName = RedditUITests;
			productReference = 7E181F0A2636823500B50B86 /* RedditUITests.xctest */;
			productType = "com.apple.product-type.bundle.ui-testing";
		};
/* End PBXNativeTarget section */

/* Begin PBXProject section */
		7E181EE12636823400B50B86 /* Project object */ = {
			isa = PBXProject;
			attributes = {
				LastSwiftUpdateCheck = 1240;
				LastUpgradeCheck = 1240;
				TargetAttributes = {
					7E181EE82636823400B50B86 = {
						CreatedOnToolsVersion = 12.4;
					};
					7E181EFE2636823500B50B86 = {
						CreatedOnToolsVersion = 12.4;
						TestTargetID = 7E181EE82636823400B50B86;
					};
					7E181F092636823500B50B86 = {
						CreatedOnToolsVersion = 12.4;
						TestTargetID = 7E181EE82636823400B50B86;
					};
				};
			};
			buildConfigurationList = 7E181EE42636823400B50B86 /* Build configuration list for PBXProject "Reddit" */;
			compatibilityVersion = "Xcode 9.3";
			developmentRegion = en;
			hasScannedForEncodings = 0;
			knownRegions = (
				en,
				Base,
			);
			mainGroup = 7E181EE02636823400B50B86;
			productRefGroup = 7E181EEA2636823400B50B86 /* Products */;
			projectDirPath = "";
			projectRoot = "";
			targets = (
				7E181EE82636823400B50B86 /* Reddit */,
				7E181EFE2636823500B50B86 /* RedditTests */,
				7E181F092636823500B50B86 /* RedditUITests */,
			);
		};
/* End PBXProject section */

/* Begin PBXResourcesBuildPhase section */
		7E181EE72636823400B50B86 /* Resources */ = {
			isa = PBXResourcesBuildPhase;
			buildActionMask = 2147483647;
			files = (
				7E512F0B2636C8CA00718895 /* RedditItems.json in Resources */,
				7E181EF92636823500B50B86 /* LaunchScreen.storyboard in Resources */,
				7E181EF62636823500B50B86 /* Assets.xcassets in Resources */,
			);
			runOnlyForDeploymentPostprocessing = 0;
		};
		7E181EFD2636823500B50B86 /* Resources */ = {
			isa = PBXResourcesBuildPhase;
			buildActionMask = 2147483647;
			files = (
			);
			runOnlyForDeploymentPostprocessing = 0;
		};
		7E181F082636823500B50B86 /* Resources */ = {
			isa = PBXResourcesBuildPhase;
			buildActionMask = 2147483647;
			files = (
			);
			runOnlyForDeploymentPostprocessing = 0;
		};
/* End PBXResourcesBuildPhase section */

/* Begin PBXShellScriptBuildPhase section */
		102317971B6E7ACF92F44C41 /* [CP] Embed Pods Frameworks */ = {
			isa = PBXShellScriptBuildPhase;
			buildActionMask = 2147483647;
			files = (
			);
			inputFileListPaths = (
				"${PODS_ROOT}/Target Support Files/Pods-Reddit/Pods-Reddit-frameworks-${CONFIGURATION}-input-files.xcfilelist",
			);
			name = "[CP] Embed Pods Frameworks";
			outputFileListPaths = (
				"${PODS_ROOT}/Target Support Files/Pods-Reddit/Pods-Reddit-frameworks-${CONFIGURATION}-output-files.xcfilelist",
			);
			runOnlyForDeploymentPostprocessing = 0;
			shellPath = /bin/sh;
			shellScript = "\"${PODS_ROOT}/Target Support Files/Pods-Reddit/Pods-Reddit-frameworks.sh\"\n";
			showEnvVarsInLog = 0;
		};
		2641BBA847CFCCBC8B31324F /* [CP] Embed Pods Frameworks */ = {
			isa = PBXShellScriptBuildPhase;
			buildActionMask = 2147483647;
			files = (
			);
			inputFileListPaths = (
				"${PODS_ROOT}/Target Support Files/Pods-Reddit-RedditUITests/Pods-Reddit-RedditUITests-frameworks-${CONFIGURATION}-input-files.xcfilelist",
			);
			name = "[CP] Embed Pods Frameworks";
			outputFileListPaths = (
				"${PODS_ROOT}/Target Support Files/Pods-Reddit-RedditUITests/Pods-Reddit-RedditUITests-frameworks-${CONFIGURATION}-output-files.xcfilelist",
			);
			runOnlyForDeploymentPostprocessing = 0;
			shellPath = /bin/sh;
			shellScript = "\"${PODS_ROOT}/Target Support Files/Pods-Reddit-RedditUITests/Pods-Reddit-RedditUITests-frameworks.sh\"\n";
			showEnvVarsInLog = 0;
		};
		344AA16F9204DAFC97CFD4AE /* [CP] Check Pods Manifest.lock */ = {
			isa = PBXShellScriptBuildPhase;
			buildActionMask = 2147483647;
			files = (
			);
			inputFileListPaths = (
			);
			inputPaths = (
				"${PODS_PODFILE_DIR_PATH}/Podfile.lock",
				"${PODS_ROOT}/Manifest.lock",
			);
			name = "[CP] Check Pods Manifest.lock";
			outputFileListPaths = (
			);
			outputPaths = (
				"$(DERIVED_FILE_DIR)/Pods-Reddit-checkManifestLockResult.txt",
			);
			runOnlyForDeploymentPostprocessing = 0;
			shellPath = /bin/sh;
			shellScript = "diff \"${PODS_PODFILE_DIR_PATH}/Podfile.lock\" \"${PODS_ROOT}/Manifest.lock\" > /dev/null\nif [ $? != 0 ] ; then\n    # print error to STDERR\n    echo \"error: The sandbox is not in sync with the Podfile.lock. Run 'pod install' or update your CocoaPods installation.\" >&2\n    exit 1\nfi\n# This output is used by Xcode 'outputs' to avoid re-running this script phase.\necho \"SUCCESS\" > \"${SCRIPT_OUTPUT_FILE_0}\"\n";
			showEnvVarsInLog = 0;
		};
		6B42E1FE5168EA3934D4C067 /* [CP] Check Pods Manifest.lock */ = {
			isa = PBXShellScriptBuildPhase;
			buildActionMask = 2147483647;
			files = (
			);
			inputFileListPaths = (
			);
			inputPaths = (
				"${PODS_PODFILE_DIR_PATH}/Podfile.lock",
				"${PODS_ROOT}/Manifest.lock",
			);
			name = "[CP] Check Pods Manifest.lock";
			outputFileListPaths = (
			);
			outputPaths = (
				"$(DERIVED_FILE_DIR)/Pods-Reddit-RedditUITests-checkManifestLockResult.txt",
			);
			runOnlyForDeploymentPostprocessing = 0;
			shellPath = /bin/sh;
			shellScript = "diff \"${PODS_PODFILE_DIR_PATH}/Podfile.lock\" \"${PODS_ROOT}/Manifest.lock\" > /dev/null\nif [ $? != 0 ] ; then\n    # print error to STDERR\n    echo \"error: The sandbox is not in sync with the Podfile.lock. Run 'pod install' or update your CocoaPods installation.\" >&2\n    exit 1\nfi\n# This output is used by Xcode 'outputs' to avoid re-running this script phase.\necho \"SUCCESS\" > \"${SCRIPT_OUTPUT_FILE_0}\"\n";
			showEnvVarsInLog = 0;
		};
		D4428F0623CDF6102E0149EB /* [CP] Check Pods Manifest.lock */ = {
			isa = PBXShellScriptBuildPhase;
			buildActionMask = 2147483647;
			files = (
			);
			inputFileListPaths = (
			);
			inputPaths = (
				"${PODS_PODFILE_DIR_PATH}/Podfile.lock",
				"${PODS_ROOT}/Manifest.lock",
			);
			name = "[CP] Check Pods Manifest.lock";
			outputFileListPaths = (
			);
			outputPaths = (
				"$(DERIVED_FILE_DIR)/Pods-RedditTests-checkManifestLockResult.txt",
			);
			runOnlyForDeploymentPostprocessing = 0;
			shellPath = /bin/sh;
			shellScript = "diff \"${PODS_PODFILE_DIR_PATH}/Podfile.lock\" \"${PODS_ROOT}/Manifest.lock\" > /dev/null\nif [ $? != 0 ] ; then\n    # print error to STDERR\n    echo \"error: The sandbox is not in sync with the Podfile.lock. Run 'pod install' or update your CocoaPods installation.\" >&2\n    exit 1\nfi\n# This output is used by Xcode 'outputs' to avoid re-running this script phase.\necho \"SUCCESS\" > \"${SCRIPT_OUTPUT_FILE_0}\"\n";
			showEnvVarsInLog = 0;
		};
/* End PBXShellScriptBuildPhase section */

/* Begin PBXSourcesBuildPhase section */
		7E181EE52636823400B50B86 /* Sources */ = {
			isa = PBXSourcesBuildPhase;
			buildActionMask = 2147483647;
			files = (
				7E512F202636FCC600718895 /* CustomButtom.swift in Sources */,
				7E181F752636A7C500B50B86 /* APIHelperMock.swift in Sources */,
				7E181F6D2636A7B900B50B86 /* APIHelper.swift in Sources */,
				7E181F672636A52200B50B86 /* ItemsTableViewCell.swift in Sources */,
				7E181F3D263692DA00B50B86 /* RedditItemsViewModel.swift in Sources */,
				7E181F7A2636A98400B50B86 /* EndPoint.swift in Sources */,
				7E181F5A263695EB00B50B86 /* UIViewExtensions.swift in Sources */,
				7E181F4B2636950300B50B86 /* RedditModel.swift in Sources */,
				7E181F38263692C700B50B86 /* RedditItemsVC.swift in Sources */,
				7E181F42263692F100B50B86 /* RedditItemsView.swift in Sources */,
				7E181EED2636823400B50B86 /* AppDelegate.swift in Sources */,
				7E181EEF2636823400B50B86 /* SceneDelegate.swift in Sources */,
				7E512F132636DC5000718895 /* Utils.swift in Sources */,
			);
			runOnlyForDeploymentPostprocessing = 0;
		};
		7E181EFB2636823500B50B86 /* Sources */ = {
			isa = PBXSourcesBuildPhase;
			buildActionMask = 2147483647;
			files = (
				7E6086082637B95D0002EC63 /* RedditViewModelTests.swift in Sources */,
				7E60860D2637BDB20002EC63 /* RedditVCTests.swift in Sources */,
			);
			runOnlyForDeploymentPostprocessing = 0;
		};
		7E181F062636823500B50B86 /* Sources */ = {
			isa = PBXSourcesBuildPhase;
			buildActionMask = 2147483647;
			files = (
				7E181F0F2636823500B50B86 /* RedditUITests.swift in Sources */,
			);
			runOnlyForDeploymentPostprocessing = 0;
		};
/* End PBXSourcesBuildPhase section */

/* Begin PBXTargetDependency section */
		7E181F012636823500B50B86 /* PBXTargetDependency */ = {
			isa = PBXTargetDependency;
			target = 7E181EE82636823400B50B86 /* Reddit */;
			targetProxy = 7E181F002636823500B50B86 /* PBXContainerItemProxy */;
		};
		7E181F0C2636823500B50B86 /* PBXTargetDependency */ = {
			isa = PBXTargetDependency;
			target = 7E181EE82636823400B50B86 /* Reddit */;
			targetProxy = 7E181F0B2636823500B50B86 /* PBXContainerItemProxy */;
		};
/* End PBXTargetDependency section */

/* Begin PBXVariantGroup section */
		7E181EF72636823500B50B86 /* LaunchScreen.storyboard */ = {
			isa = PBXVariantGroup;
			children = (
				7E181EF82636823500B50B86 /* Base */,
			);
			name = LaunchScreen.storyboard;
			sourceTree = "<group>";
		};
/* End PBXVariantGroup section */

/* Begin XCBuildConfiguration section */
		7E181F112636823500B50B86 /* Debug */ = {
			isa = XCBuildConfiguration;
			buildSettings = {
				ALWAYS_SEARCH_USER_PATHS = NO;
				CLANG_ANALYZER_NONNULL = YES;
				CLANG_ANALYZER_NUMBER_OBJECT_CONVERSION = YES_AGGRESSIVE;
				CLANG_CXX_LANGUAGE_STANDARD = "gnu++14";
				CLANG_CXX_LIBRARY = "libc++";
				CLANG_ENABLE_MODULES = YES;
				CLANG_ENABLE_OBJC_ARC = YES;
				CLANG_ENABLE_OBJC_WEAK = YES;
				CLANG_WARN_BLOCK_CAPTURE_AUTORELEASING = YES;
				CLANG_WARN_BOOL_CONVERSION = YES;
				CLANG_WARN_COMMA = YES;
				CLANG_WARN_CONSTANT_CONVERSION = YES;
				CLANG_WARN_DEPRECATED_OBJC_IMPLEMENTATIONS = YES;
				CLANG_WARN_DIRECT_OBJC_ISA_USAGE = YES_ERROR;
				CLANG_WARN_DOCUMENTATION_COMMENTS = YES;
				CLANG_WARN_EMPTY_BODY = YES;
				CLANG_WARN_ENUM_CONVERSION = YES;
				CLANG_WARN_INFINITE_RECURSION = YES;
				CLANG_WARN_INT_CONVERSION = YES;
				CLANG_WARN_NON_LITERAL_NULL_CONVERSION = YES;
				CLANG_WARN_OBJC_IMPLICIT_RETAIN_SELF = YES;
				CLANG_WARN_OBJC_LITERAL_CONVERSION = YES;
				CLANG_WARN_OBJC_ROOT_CLASS = YES_ERROR;
				CLANG_WARN_QUOTED_INCLUDE_IN_FRAMEWORK_HEADER = YES;
				CLANG_WARN_RANGE_LOOP_ANALYSIS = YES;
				CLANG_WARN_STRICT_PROTOTYPES = YES;
				CLANG_WARN_SUSPICIOUS_MOVE = YES;
				CLANG_WARN_UNGUARDED_AVAILABILITY = YES_AGGRESSIVE;
				CLANG_WARN_UNREACHABLE_CODE = YES;
				CLANG_WARN__DUPLICATE_METHOD_MATCH = YES;
				COPY_PHASE_STRIP = NO;
				DEBUG_INFORMATION_FORMAT = dwarf;
				ENABLE_STRICT_OBJC_MSGSEND = YES;
				ENABLE_TESTABILITY = YES;
				GCC_C_LANGUAGE_STANDARD = gnu11;
				GCC_DYNAMIC_NO_PIC = NO;
				GCC_NO_COMMON_BLOCKS = YES;
				GCC_OPTIMIZATION_LEVEL = 0;
				GCC_PREPROCESSOR_DEFINITIONS = (
					"DEBUG=1",
					"$(inherited)",
				);
				GCC_WARN_64_TO_32_BIT_CONVERSION = YES;
				GCC_WARN_ABOUT_RETURN_TYPE = YES_ERROR;
				GCC_WARN_UNDECLARED_SELECTOR = YES;
				GCC_WARN_UNINITIALIZED_AUTOS = YES_AGGRESSIVE;
				GCC_WARN_UNUSED_FUNCTION = YES;
				GCC_WARN_UNUSED_VARIABLE = YES;
				IPHONEOS_DEPLOYMENT_TARGET = 13.0;
				MTL_ENABLE_DEBUG_INFO = INCLUDE_SOURCE;
				MTL_FAST_MATH = YES;
				ONLY_ACTIVE_ARCH = YES;
				SDKROOT = iphoneos;
				SWIFT_ACTIVE_COMPILATION_CONDITIONS = DEBUG;
				SWIFT_OPTIMIZATION_LEVEL = "-Onone";
			};
			name = Debug;
		};
		7E181F122636823500B50B86 /* Release */ = {
			isa = XCBuildConfiguration;
			buildSettings = {
				ALWAYS_SEARCH_USER_PATHS = NO;
				CLANG_ANALYZER_NONNULL = YES;
				CLANG_ANALYZER_NUMBER_OBJECT_CONVERSION = YES_AGGRESSIVE;
				CLANG_CXX_LANGUAGE_STANDARD = "gnu++14";
				CLANG_CXX_LIBRARY = "libc++";
				CLANG_ENABLE_MODULES = YES;
				CLANG_ENABLE_OBJC_ARC = YES;
				CLANG_ENABLE_OBJC_WEAK = YES;
				CLANG_WARN_BLOCK_CAPTURE_AUTORELEASING = YES;
				CLANG_WARN_BOOL_CONVERSION = YES;
				CLANG_WARN_COMMA = YES;
				CLANG_WARN_CONSTANT_CONVERSION = YES;
				CLANG_WARN_DEPRECATED_OBJC_IMPLEMENTATIONS = YES;
				CLANG_WARN_DIRECT_OBJC_ISA_USAGE = YES_ERROR;
				CLANG_WARN_DOCUMENTATION_COMMENTS = YES;
				CLANG_WARN_EMPTY_BODY = YES;
				CLANG_WARN_ENUM_CONVERSION = YES;
				CLANG_WARN_INFINITE_RECURSION = YES;
				CLANG_WARN_INT_CONVERSION = YES;
				CLANG_WARN_NON_LITERAL_NULL_CONVERSION = YES;
				CLANG_WARN_OBJC_IMPLICIT_RETAIN_SELF = YES;
				CLANG_WARN_OBJC_LITERAL_CONVERSION = YES;
				CLANG_WARN_OBJC_ROOT_CLASS = YES_ERROR;
				CLANG_WARN_QUOTED_INCLUDE_IN_FRAMEWORK_HEADER = YES;
				CLANG_WARN_RANGE_LOOP_ANALYSIS = YES;
				CLANG_WARN_STRICT_PROTOTYPES = YES;
				CLANG_WARN_SUSPICIOUS_MOVE = YES;
				CLANG_WARN_UNGUARDED_AVAILABILITY = YES_AGGRESSIVE;
				CLANG_WARN_UNREACHABLE_CODE = YES;
				CLANG_WARN__DUPLICATE_METHOD_MATCH = YES;
				COPY_PHASE_STRIP = NO;
				DEBUG_INFORMATION_FORMAT = "dwarf-with-dsym";
				ENABLE_NS_ASSERTIONS = NO;
				ENABLE_STRICT_OBJC_MSGSEND = YES;
				GCC_C_LANGUAGE_STANDARD = gnu11;
				GCC_NO_COMMON_BLOCKS = YES;
				GCC_WARN_64_TO_32_BIT_CONVERSION = YES;
				GCC_WARN_ABOUT_RETURN_TYPE = YES_ERROR;
				GCC_WARN_UNDECLARED_SELECTOR = YES;
				GCC_WARN_UNINITIALIZED_AUTOS = YES_AGGRESSIVE;
				GCC_WARN_UNUSED_FUNCTION = YES;
				GCC_WARN_UNUSED_VARIABLE = YES;
				IPHONEOS_DEPLOYMENT_TARGET = 13.0;
				MTL_ENABLE_DEBUG_INFO = NO;
				MTL_FAST_MATH = YES;
				SDKROOT = iphoneos;
				SWIFT_COMPILATION_MODE = wholemodule;
				SWIFT_OPTIMIZATION_LEVEL = "-O";
				VALIDATE_PRODUCT = YES;
			};
			name = Release;
		};
		7E181F142636823500B50B86 /* Debug */ = {
			isa = XCBuildConfiguration;
			baseConfigurationReference = F535E9C981400D181EF46A5A /* Pods-Reddit.debug.xcconfig */;
			buildSettings = {
				ASSETCATALOG_COMPILER_APPICON_NAME = AppIcon;
				ASSETCATALOG_COMPILER_GLOBAL_ACCENT_COLOR_NAME = AccentColor;
				CODE_SIGN_STYLE = Automatic;
				INFOPLIST_FILE = Reddit/Info.plist;
				LD_RUNPATH_SEARCH_PATHS = (
					"$(inherited)",
					"@executable_path/Frameworks",
				);
				PRODUCT_BUNDLE_IDENTIFIER = com.personal.Reddit;
				PRODUCT_NAME = "$(TARGET_NAME)";
				SWIFT_VERSION = 5.0;
				TARGETED_DEVICE_FAMILY = "1,2";
			};
			name = Debug;
		};
		7E181F152636823500B50B86 /* Release */ = {
			isa = XCBuildConfiguration;
			baseConfigurationReference = CFCBBADA807B32B4D7950DDC /* Pods-Reddit.release.xcconfig */;
			buildSettings = {
				ASSETCATALOG_COMPILER_APPICON_NAME = AppIcon;
				ASSETCATALOG_COMPILER_GLOBAL_ACCENT_COLOR_NAME = AccentColor;
				CODE_SIGN_STYLE = Automatic;
				INFOPLIST_FILE = Reddit/Info.plist;
				LD_RUNPATH_SEARCH_PATHS = (
					"$(inherited)",
					"@executable_path/Frameworks",
				);
				PRODUCT_BUNDLE_IDENTIFIER = com.personal.Reddit;
				PRODUCT_NAME = "$(TARGET_NAME)";
				SWIFT_VERSION = 5.0;
				TARGETED_DEVICE_FAMILY = "1,2";
			};
			name = Release;
		};
		7E181F172636823500B50B86 /* Debug */ = {
			isa = XCBuildConfiguration;
			baseConfigurationReference = F198D87368F862747933C463 /* Pods-RedditTests.debug.xcconfig */;
			buildSettings = {
				ALWAYS_EMBED_SWIFT_STANDARD_LIBRARIES = YES;
				BUNDLE_LOADER = "$(TEST_HOST)";
				CODE_SIGN_STYLE = Automatic;
				INFOPLIST_FILE = RedditTests/Info.plist;
				IPHONEOS_DEPLOYMENT_TARGET = 14.4;
				LD_RUNPATH_SEARCH_PATHS = (
					"$(inherited)",
					"@executable_path/Frameworks",
					"@loader_path/Frameworks",
				);
				PRODUCT_BUNDLE_IDENTIFIER = com.personal.RedditTests;
				PRODUCT_NAME = "$(TARGET_NAME)";
				SWIFT_VERSION = 5.0;
				TARGETED_DEVICE_FAMILY = "1,2";
				TEST_HOST = "$(BUILT_PRODUCTS_DIR)/Reddit.app/Reddit";
			};
			name = Debug;
		};
		7E181F182636823500B50B86 /* Release */ = {
			isa = XCBuildConfiguration;
			baseConfigurationReference = 4DB044D1606995DF93944180 /* Pods-RedditTests.release.xcconfig */;
			buildSettings = {
				ALWAYS_EMBED_SWIFT_STANDARD_LIBRARIES = YES;
				BUNDLE_LOADER = "$(TEST_HOST)";
				CODE_SIGN_STYLE = Automatic;
				INFOPLIST_FILE = RedditTests/Info.plist;
				IPHONEOS_DEPLOYMENT_TARGET = 14.4;
				LD_RUNPATH_SEARCH_PATHS = (
					"$(inherited)",
					"@executable_path/Frameworks",
					"@loader_path/Frameworks",
				);
				PRODUCT_BUNDLE_IDENTIFIER = com.personal.RedditTests;
				PRODUCT_NAME = "$(TARGET_NAME)";
				SWIFT_VERSION = 5.0;
				TARGETED_DEVICE_FAMILY = "1,2";
				TEST_HOST = "$(BUILT_PRODUCTS_DIR)/Reddit.app/Reddit";
			};
			name = Release;
		};
		7E181F1A2636823500B50B86 /* Debug */ = {
			isa = XCBuildConfiguration;
			baseConfigurationReference = CA6C664B16BAFD19F4E26C34 /* Pods-Reddit-RedditUITests.debug.xcconfig */;
			buildSettings = {
				ALWAYS_EMBED_SWIFT_STANDARD_LIBRARIES = YES;
				CODE_SIGN_STYLE = Automatic;
				INFOPLIST_FILE = RedditUITests/Info.plist;
				LD_RUNPATH_SEARCH_PATHS = (
					"$(inherited)",
					"@executable_path/Frameworks",
					"@loader_path/Frameworks",
				);
				PRODUCT_BUNDLE_IDENTIFIER = com.personal.RedditUITests;
				PRODUCT_NAME = "$(TARGET_NAME)";
				SWIFT_VERSION = 5.0;
				TARGETED_DEVICE_FAMILY = "1,2";
				TEST_TARGET_NAME = Reddit;
			};
			name = Debug;
		};
		7E181F1B2636823500B50B86 /* Release */ = {
			isa = XCBuildConfiguration;
			baseConfigurationReference = 2E6F1BFBED8AA574E050042A /* Pods-Reddit-RedditUITests.release.xcconfig */;
			buildSettings = {
				ALWAYS_EMBED_SWIFT_STANDARD_LIBRARIES = YES;
				CODE_SIGN_STYLE = Automatic;
				INFOPLIST_FILE = RedditUITests/Info.plist;
				LD_RUNPATH_SEARCH_PATHS = (
					"$(inherited)",
					"@executable_path/Frameworks",
					"@loader_path/Frameworks",
				);
				PRODUCT_BUNDLE_IDENTIFIER = com.personal.RedditUITests;
				PRODUCT_NAME = "$(TARGET_NAME)";
				SWIFT_VERSION = 5.0;
				TARGETED_DEVICE_FAMILY = "1,2";
				TEST_TARGET_NAME = Reddit;
			};
			name = Release;
		};
/* End XCBuildConfiguration section */

/* Begin XCConfigurationList section */
		7E181EE42636823400B50B86 /* Build configuration list for PBXProject "Reddit" */ = {
			isa = XCConfigurationList;
			buildConfigurations = (
				7E181F112636823500B50B86 /* Debug */,
				7E181F122636823500B50B86 /* Release */,
			);
			defaultConfigurationIsVisible = 0;
			defaultConfigurationName = Release;
		};
		7E181F132636823500B50B86 /* Build configuration list for PBXNativeTarget "Reddit" */ = {
			isa = XCConfigurationList;
			buildConfigurations = (
				7E181F142636823500B50B86 /* Debug */,
				7E181F152636823500B50B86 /* Release */,
			);
			defaultConfigurationIsVisible = 0;
			defaultConfigurationName = Release;
		};
		7E181F162636823500B50B86 /* Build configuration list for PBXNativeTarget "RedditTests" */ = {
			isa = XCConfigurationList;
			buildConfigurations = (
				7E181F172636823500B50B86 /* Debug */,
				7E181F182636823500B50B86 /* Release */,
			);
			defaultConfigurationIsVisible = 0;
			defaultConfigurationName = Release;
		};
		7E181F192636823500B50B86 /* Build configuration list for PBXNativeTarget "RedditUITests" */ = {
			isa = XCConfigurationList;
			buildConfigurations = (
				7E181F1A2636823500B50B86 /* Debug */,
				7E181F1B2636823500B50B86 /* Release */,
			);
			defaultConfigurationIsVisible = 0;
			defaultConfigurationName = Release;
		};
/* End XCConfigurationList section */
	};
	rootObject = 7E181EE12636823400B50B86 /* Project object */;
}
